
Microsoft Visual Studio Solution File, Format Version 12.00
# Visual Studio Version 17
VisualStudioVersion = 17.4.33213.308
MinimumVisualStudioVersion = 10.0.40219.1
Project("{8BC9CEB8-8B4A-11D0-8D11-00A0C91BC942}") = "Letter_value_sum", "Letter_value_sum.vcxproj", "{A1B725A4-5088-4D6C-A4B4-30DE48EC50DB}"
EndProject
Global
	GlobalSection(SolutionConfigurationPlatforms) = preSolution
		Debug|x64 = Debug|x64
		Debug|x86 = Debug|x86
		Release|x64 = Release|x64
		Release|x86 = Release|x86
	EndGlobalSection
	GlobalSection(ProjectConfigurationPlatforms) = postSolution
		{A1B725A4-5088-4D6C-A4B4-30DE48EC50DB}.Debug|x64.ActiveCfg = Debug|x64
		{A1B725A4-5088-4D6C-A4B4-30DE48EC50DB}.Debug|x64.Build.0 = Debug|x64
		{A1B725A4-5088-4D6C-A4B4-30DE48EC50DB}.Debug|x86.ActiveCfg = Debug|Win32
		{A1B725A4-5088-4D6C-A4B4-30DE48EC50DB}.Debug|x86.Build.0 = Debug|Win32
		{A1B725A4-5088-4D6C-A4B4-30DE48EC50DB}.Release|x64.ActiveCfg = Release|x64
		{A1B725A4-5088-4D6C-A4B4-30DE48EC50DB}.Release|x64.Build.0 = Release|x64
		{A1B725A4-5088-4D6C-A4B4-30DE48EC50DB}.Release|x86.ActiveCfg = Release|Win32
		{A1B725A4-5088-4D6C-A4B4-30DE48EC50DB}.Release|x86.Build.0 = Release|Win32
	EndGlobalSection
	GlobalSection(SolutionProperties) = preSolution
		HideSolutionNode = FALSE
	EndGlobalSection
	GlobalSection(ExtensibilityGlobals) = postSolution
		SolutionGuid = {2267B1EB-6B5A-4370-AA7E-9FD43928324E}
	EndGlobalSection
EndGlobal
